
Microsoft Visual Studio Solution File, Format Version 12.00
# Visual Studio Version 16
VisualStudioVersion = 16.0.30804.86
MinimumVisualStudioVersion = 10.0.40219.1
Project("{FAE04EC0-301F-11D3-BF4B-00C04F79EFBC}") = "Socoro.Web", "Socoro.Web\Socoro.Web.csproj", "{5ED7077E-60CE-4016-93AD-FCF24B1552C8}"
EndProject
Global
	GlobalSection(SolutionConfigurationPlatforms) = preSolution
		Debug|Any CPU = Debug|Any CPU
		Release|Any CPU = Release|Any CPU
	EndGlobalSection
	GlobalSection(ProjectConfigurationPlatforms) = postSolution
		{5ED7077E-60CE-4016-93AD-FCF24B1552C8}.Debug|Any CPU.ActiveCfg = Debug|Any CPU
		{5ED7077E-60CE-4016-93AD-FCF24B1552C8}.Debug|Any CPU.Build.0 = Debug|Any CPU
		{5ED7077E-60CE-4016-93AD-FCF24B1552C8}.Release|Any CPU.ActiveCfg = Release|Any CPU
		{5ED7077E-60CE-4016-93AD-FCF24B1552C8}.Release|Any CPU.Build.0 = Release|Any CPU
	EndGlobalSection
	GlobalSection(SolutionProperties) = preSolution
		HideSolutionNode = FALSE
	EndGlobalSection
	GlobalSection(ExtensibilityGlobals) = postSolution
		SolutionGuid = {5A701C03-AE62-457C-98BA-E7F09FF670AC}
	EndGlobalSection
EndGlobal
